
Microsoft Visual Studio Solution File, Format Version 12.00
# Visual Studio Version 17
VisualStudioVersion = 17.5.33414.496
MinimumVisualStudioVersion = 10.0.40219.1
Project("{FAE04EC0-301F-11D3-BF4B-00C04F79EFBC}") = "BlazorAppMasterCrud", "BlazorAppMasterCrud.csproj", "{1BE913A1-F376-499B-8C0B-07F18E488850}"
EndProject
Global
	GlobalSection(SolutionConfigurationPlatforms) = preSolution
		Debug|Any CPU = Debug|Any CPU
		Release|Any CPU = Release|Any CPU
	EndGlobalSection
	GlobalSection(ProjectConfigurationPlatforms) = postSolution
		{1BE913A1-F376-499B-8C0B-07F18E488850}.Debug|Any CPU.ActiveCfg = Debug|Any CPU
		{1BE913A1-F376-499B-8C0B-07F18E488850}.Debug|Any CPU.Build.0 = Debug|Any CPU
		{1BE913A1-F376-499B-8C0B-07F18E488850}.Release|Any CPU.ActiveCfg = Release|Any CPU
		{1BE913A1-F376-499B-8C0B-07F18E488850}.Release|Any CPU.Build.0 = Release|Any CPU
	EndGlobalSection
	GlobalSection(SolutionProperties) = preSolution
		HideSolutionNode = FALSE
	EndGlobalSection
	GlobalSection(ExtensibilityGlobals) = postSolution
		SolutionGuid = {D7BDEE2C-A35F-49D9-971F-AD44D5BC4C6D}
	EndGlobalSection
EndGlobal
